
Microsoft Visual Studio Solution File, Format Version 10.00
# Visual Studio 2008
Project("{FAE04EC0-301F-11D3-BF4B-00C04F79EFBC}") = "QuntumCode.Form.Windows", "QuntumCode.Form.Windows.csproj", "{A93575C0-8978-4DDE-B3FB-6C4DB78BDAF7}"
EndProject
Project("{FAE04EC0-301F-11D3-BF4B-00C04F79EFBC}") = "QuantumCode.Form.Windows.Test", "..\..\test\QuantumCode.Form.Windows.Test\QuantumCode.Form.Windows.Test.csproj", "{4BD81775-A96E-43C1-A31F-8E3C0F237968}"
EndProject
Global
	GlobalSection(SolutionConfigurationPlatforms) = preSolution
		Debug|Any CPU = Debug|Any CPU
		Release|Any CPU = Release|Any CPU
	EndGlobalSection
	GlobalSection(ProjectConfigurationPlatforms) = postSolution
		{A93575C0-8978-4DDE-B3FB-6C4DB78BDAF7}.Debug|Any CPU.ActiveCfg = Debug|Any CPU
		{A93575C0-8978-4DDE-B3FB-6C4DB78BDAF7}.Debug|Any CPU.Build.0 = Debug|Any CPU
		{A93575C0-8978-4DDE-B3FB-6C4DB78BDAF7}.Release|Any CPU.ActiveCfg = Release|Any CPU
		{A93575C0-8978-4DDE-B3FB-6C4DB78BDAF7}.Release|Any CPU.Build.0 = Release|Any CPU
		{4BD81775-A96E-43C1-A31F-8E3C0F237968}.Debug|Any CPU.ActiveCfg = Debug|Any CPU
		{4BD81775-A96E-43C1-A31F-8E3C0F237968}.Debug|Any CPU.Build.0 = Debug|Any CPU
		{4BD81775-A96E-43C1-A31F-8E3C0F237968}.Release|Any CPU.ActiveCfg = Release|Any CPU
		{4BD81775-A96E-43C1-A31F-8E3C0F237968}.Release|Any CPU.Build.0 = Release|Any CPU
	EndGlobalSection
	GlobalSection(SolutionProperties) = preSolution
		HideSolutionNode = FALSE
	EndGlobalSection
EndGlobal
